// !$*UTF8*$!
{
	archiveVersion = 1;
	classes = {
	};
	objectVersion = 48;
	objects = {

/* Begin PBXBuildFile section */
		066452B5E3FB05C000791977 /* Pods_PixelCityApp.framework in Frameworks */ = {isa = PBXBuildFile; fileRef = 2CAF77F7DEF3772C2FB09634 /* Pods_PixelCityApp.framework */; };
		5C0647051FB8672200D1E903 /* PopImage.swift in Sources */ = {isa = PBXBuildFile; fileRef = 5C0647041FB8672200D1E903 /* PopImage.swift */; };
		5C62D2491FACA57D00B01293 /* AppDelegate.swift in Sources */ = {isa = PBXBuildFile; fileRef = 5C62D2481FACA57D00B01293 /* AppDelegate.swift */; };
		5C62D24B1FACA57D00B01293 /* MapVC.swift in Sources */ = {isa = PBXBuildFile; fileRef = 5C62D24A1FACA57D00B01293 /* MapVC.swift */; };
		5C62D24E1FACA57D00B01293 /* Main.storyboard in Resources */ = {isa = PBXBuildFile; fileRef = 5C62D24C1FACA57D00B01293 /* Main.storyboard */; };
		5C62D2501FACA57D00B01293 /* Assets.xcassets in Resources */ = {isa = PBXBuildFile; fileRef = 5C62D24F1FACA57D00B01293 /* Assets.xcassets */; };
		5C62D2531FACA57D00B01293 /* LaunchScreen.storyboard in Resources */ = {isa = PBXBuildFile; fileRef = 5C62D2511FACA57D00B01293 /* LaunchScreen.storyboard */; };
		5CAB3A091FB08339008FE8C4 /* DroppablePin.swift in Sources */ = {isa = PBXBuildFile; fileRef = 5CAB3A081FB08339008FE8C4 /* DroppablePin.swift */; };
		5CE4AA2C1FB46BD4001EBD71 /* PhotoCell.swift in Sources */ = {isa = PBXBuildFile; fileRef = 5CE4AA2B1FB46BD4001EBD71 /* PhotoCell.swift */; };
		5CE4AA2E1FB4742B001EBD71 /* Constants.swift in Sources */ = {isa = PBXBuildFile; fileRef = 5CE4AA2D1FB4742B001EBD71 /* Constants.swift */; };
		5CE4AA301FB4B57E001EBD71 /* PopVC.swift in Sources */ = {isa = PBXBuildFile; fileRef = 5CE4AA2F1FB4B57E001EBD71 /* PopVC.swift */; };
/* End PBXBuildFile section */

/* Begin PBXFileReference section */
		2CAF77F7DEF3772C2FB09634 /* Pods_PixelCityApp.framework */ = {isa = PBXFileReference; explicitFileType = wrapper.framework; includeInIndex = 0; path = Pods_PixelCityApp.framework; sourceTree = BUILT_PRODUCTS_DIR; };
		5C0647041FB8672200D1E903 /* PopImage.swift */ = {isa = PBXFileReference; lastKnownFileType = sourcecode.swift; path = PopImage.swift; sourceTree = "<group>"; };
		5C62D2451FACA57D00B01293 /* PixelCityApp.app */ = {isa = PBXFileReference; explicitFileType = wrapper.application; includeInIndex = 0; path = PixelCityApp.app; sourceTree = BUILT_PRODUCTS_DIR; };
		5C62D2481FACA57D00B01293 /* AppDelegate.swift */ = {isa = PBXFileReference; lastKnownFileType = sourcecode.swift; path = AppDelegate.swift; sourceTree = "<group>"; };
		5C62D24A1FACA57D00B01293 /* MapVC.swift */ = {isa = PBXFileReference; lastKnownFileType = sourcecode.swift; path = MapVC.swift; sourceTree = "<group>"; };
		5C62D24D1FACA57D00B01293 /* Base */ = {isa = PBXFileReference; lastKnownFileType = file.storyboard; name = Base; path = Base.lproj/Main.storyboard; sourceTree = "<group>"; };
		5C62D24F1FACA57D00B01293 /* Assets.xcassets */ = {isa = PBXFileReference; lastKnownFileType = folder.assetcatalog; path = Assets.xcassets; sourceTree = "<group>"; };
		5C62D2521FACA57D00B01293 /* Base */ = {isa = PBXFileReference; lastKnownFileType = file.storyboard; name = Base; path = Base.lproj/LaunchScreen.storyboard; sourceTree = "<group>"; };
		5C62D2541FACA57D00B01293 /* Info.plist */ = {isa = PBXFileReference; lastKnownFileType = text.plist.xml; path = Info.plist; sourceTree = "<group>"; };
		5CAB3A081FB08339008FE8C4 /* DroppablePin.swift */ = {isa = PBXFileReference; lastKnownFileType = sourcecode.swift; path = DroppablePin.swift; sourceTree = "<group>"; };
		5CE4AA2B1FB46BD4001EBD71 /* PhotoCell.swift */ = {isa = PBXFileReference; lastKnownFileType = sourcecode.swift; path = PhotoCell.swift; sourceTree = "<group>"; };
		5CE4AA2D1FB4742B001EBD71 /* Constants.swift */ = {isa = PBXFileReference; lastKnownFileType = sourcecode.swift; path = Constants.swift; sourceTree = "<group>"; };
		5CE4AA2F1FB4B57E001EBD71 /* PopVC.swift */ = {isa = PBXFileReference; lastKnownFileType = sourcecode.swift; path = PopVC.swift; sourceTree = "<group>"; };
		CCCEFDB4366A8ECB85FFF24D /* Pods-PixelCityApp.release.xcconfig */ = {isa = PBXFileReference; includeInIndex = 1; lastKnownFileType = text.xcconfig; name = "Pods-PixelCityApp.release.xcconfig"; path = "Pods/Target Support Files/Pods-PixelCityApp/Pods-PixelCityApp.release.xcconfig"; sourceTree = "<group>"; };
		D5250B36816F7ED81FFD968C /* Pods-PixelCityApp.debug.xcconfig */ = {isa = PBXFileReference; includeInIndex = 1; lastKnownFileType = text.xcconfig; name = "Pods-PixelCityApp.debug.xcconfig"; path = "Pods/Target Support Files/Pods-PixelCityApp/Pods-PixelCityApp.debug.xcconfig"; sourceTree = "<group>"; };
/* End PBXFileReference section */

/* Begin PBXFrameworksBuildPhase section */
		5C62D2421FACA57D00B01293 /* Frameworks */ = {
			isa = PBXFrameworksBuildPhase;
			buildActionMask = 2147483647;
			files = (
				066452B5E3FB05C000791977 /* Pods_PixelCityApp.framework in Frameworks */,
			);
			runOnlyForDeploymentPostprocessing = 0;
		};
/* End PBXFrameworksBuildPhase section */

/* Begin PBXGroup section */
		5C62D23C1FACA57D00B01293 = {
			isa = PBXGroup;
			children = (
				5C62D2471FACA57D00B01293 /* PixelCityApp */,
				5C62D2461FACA57D00B01293 /* Products */,
				846F6BC1B21F84F5B0C002C3 /* Pods */,
				D71B81714D1336649F8AF92E /* Frameworks */,
			);
			sourceTree = "<group>";
		};
		5C62D2461FACA57D00B01293 /* Products */ = {
			isa = PBXGroup;
			children = (
				5C62D2451FACA57D00B01293 /* PixelCityApp.app */,
			);
			name = Products;
			sourceTree = "<group>";
		};
		5C62D2471FACA57D00B01293 /* PixelCityApp */ = {
			isa = PBXGroup;
			children = (
				5C62D25D1FACA64800B01293 /* Model */,
				5C62D25C1FACA63D00B01293 /* Utilities */,
				5C62D25B1FACA63300B01293 /* View */,
				5C62D25A1FACA62900B01293 /* Controllers */,
				5C62D2481FACA57D00B01293 /* AppDelegate.swift */,
				5C62D24C1FACA57D00B01293 /* Main.storyboard */,
				5C62D24F1FACA57D00B01293 /* Assets.xcassets */,
				5C62D2511FACA57D00B01293 /* LaunchScreen.storyboard */,
				5C62D2541FACA57D00B01293 /* Info.plist */,
			);
			path = PixelCityApp;
			sourceTree = "<group>";
		};
		5C62D25A1FACA62900B01293 /* Controllers */ = {
			isa = PBXGroup;
			children = (
				5C62D24A1FACA57D00B01293 /* MapVC.swift */,
				5CE4AA2F1FB4B57E001EBD71 /* PopVC.swift */,
			);
			path = Controllers;
			sourceTree = "<group>";
		};
		5C62D25B1FACA63300B01293 /* View */ = {
			isa = PBXGroup;
			children = (
				5CAB3A081FB08339008FE8C4 /* DroppablePin.swift */,
				5CE4AA2B1FB46BD4001EBD71 /* PhotoCell.swift */,
			);
			path = View;
			sourceTree = "<group>";
		};
		5C62D25C1FACA63D00B01293 /* Utilities */ = {
			isa = PBXGroup;
			children = (
				5CE4AA2D1FB4742B001EBD71 /* Constants.swift */,
			);
			path = Utilities;
			sourceTree = "<group>";
		};
		5C62D25D1FACA64800B01293 /* Model */ = {
			isa = PBXGroup;
			children = (
				5C0647041FB8672200D1E903 /* PopImage.swift */,
			);
			path = Model;
			sourceTree = "<group>";
		};
		846F6BC1B21F84F5B0C002C3 /* Pods */ = {
			isa = PBXGroup;
			children = (
				D5250B36816F7ED81FFD968C /* Pods-PixelCityApp.debug.xcconfig */,
				CCCEFDB4366A8ECB85FFF24D /* Pods-PixelCityApp.release.xcconfig */,
			);
			name = Pods;
			sourceTree = "<group>";
		};
		D71B81714D1336649F8AF92E /* Frameworks */ = {
			isa = PBXGroup;
			children = (
				2CAF77F7DEF3772C2FB09634 /* Pods_PixelCityApp.framework */,
			);
			name = Frameworks;
			sourceTree = "<group>";
		};
/* End PBXGroup section */

/* Begin PBXNativeTarget section */
		5C62D2441FACA57D00B01293 /* PixelCityApp */ = {
			isa = PBXNativeTarget;
			buildConfigurationList = 5C62D2571FACA57D00B01293 /* Build configuration list for PBXNativeTarget "PixelCityApp" */;
			buildPhases = (
				1E86ED6A3159E520956B3E66 /* [CP] Check Pods Manifest.lock */,
				5C62D2411FACA57D00B01293 /* Sources */,
				5C62D2421FACA57D00B01293 /* Frameworks */,
				5C62D2431FACA57D00B01293 /* Resources */,
				E085EA575C5E736601E8B9D7 /* [CP] Embed Pods Frameworks */,
				1EC41A1264311B1BE5531361 /* [CP] Copy Pods Resources */,
			);
			buildRules = (
			);
			dependencies = (
			);
			name = PixelCityApp;
			productName = PixelCityApp;
			productReference = 5C62D2451FACA57D00B01293 /* PixelCityApp.app */;
			productType = "com.apple.product-type.application";
		};
/* End PBXNativeTarget section */

/* Begin PBXProject section */
		5C62D23D1FACA57D00B01293 /* Project object */ = {
			isa = PBXProject;
			attributes = {
				LastSwiftUpdateCheck = 0910;
				LastUpgradeCheck = 0910;
				ORGANIZATIONNAME = "Boiko Artem";
				TargetAttributes = {
					5C62D2441FACA57D00B01293 = {
						CreatedOnToolsVersion = 9.1;
						ProvisioningStyle = Automatic;
					};
				};
			};
			buildConfigurationList = 5C62D2401FACA57D00B01293 /* Build configuration list for PBXProject "PixelCityApp" */;
			compatibilityVersion = "Xcode 8.0";
			developmentRegion = en;
			hasScannedForEncodings = 0;
			knownRegions = (
				en,
				Base,
			);
			mainGroup = 5C62D23C1FACA57D00B01293;
			productRefGroup = 5C62D2461FACA57D00B01293 /* Products */;
			projectDirPath = "";
			projectRoot = "";
			targets = (
				5C62D2441FACA57D00B01293 /* PixelCityApp */,
			);
		};
/* End PBXProject section */

/* Begin PBXResourcesBuildPhase section */
		5C62D2431FACA57D00B01293 /* Resources */ = {
			isa = PBXResourcesBuildPhase;
			buildActionMask = 2147483647;
			files = (
				5C62D2531FACA57D00B01293 /* LaunchScreen.storyboard in Resources */,
				5C62D2501FACA57D00B01293 /* Assets.xcassets in Resources */,
				5C62D24E1FACA57D00B01293 /* Main.storyboard in Resources */,
			);
			runOnlyForDeploymentPostprocessing = 0;
		};
/* End PBXResourcesBuildPhase section */

/* Begin PBXShellScriptBuildPhase section */
		1E86ED6A3159E520956B3E66 /* [CP] Check Pods Manifest.lock */ = {
			isa = PBXShellScriptBuildPhase;
			buildActionMask = 2147483647;
			files = (
			);
			inputPaths = (
				"${PODS_PODFILE_DIR_PATH}/Podfile.lock",
				"${PODS_ROOT}/Manifest.lock",
			);
			name = "[CP] Check Pods Manifest.lock";
			outputPaths = (
				"$(DERIVED_FILE_DIR)/Pods-PixelCityApp-checkManifestLockResult.txt",
			);
			runOnlyForDeploymentPostprocessing = 0;
			shellPath = /bin/sh;
			shellScript = "diff \"${PODS_PODFILE_DIR_PATH}/Podfile.lock\" \"${PODS_ROOT}/Manifest.lock\" > /dev/null\nif [ $? != 0 ] ; then\n    # print error to STDERR\n    echo \"error: The sandbox is not in sync with the Podfile.lock. Run 'pod install' or update your CocoaPods installation.\" >&2\n    exit 1\nfi\n# This output is used by Xcode 'outputs' to avoid re-running this script phase.\necho \"SUCCESS\" > \"${SCRIPT_OUTPUT_FILE_0}\"\n";
			showEnvVarsInLog = 0;
		};
		1EC41A1264311B1BE5531361 /* [CP] Copy Pods Resources */ = {
			isa = PBXShellScriptBuildPhase;
			buildActionMask = 2147483647;
			files = (
			);
			inputPaths = (
			);
			name = "[CP] Copy Pods Resources";
			outputPaths = (
			);
			runOnlyForDeploymentPostprocessing = 0;
			shellPath = /bin/sh;
			shellScript = "\"${SRCROOT}/Pods/Target Support Files/Pods-PixelCityApp/Pods-PixelCityApp-resources.sh\"\n";
			showEnvVarsInLog = 0;
		};
		E085EA575C5E736601E8B9D7 /* [CP] Embed Pods Frameworks */ = {
			isa = PBXShellScriptBuildPhase;
			buildActionMask = 2147483647;
			files = (
			);
			inputPaths = (
				"${SRCROOT}/Pods/Target Support Files/Pods-PixelCityApp/Pods-PixelCityApp-frameworks.sh",
				"${BUILT_PRODUCTS_DIR}/Alamofire/Alamofire.framework",
				"${BUILT_PRODUCTS_DIR}/AlamofireImage/AlamofireImage.framework",
			);
			name = "[CP] Embed Pods Frameworks";
			outputPaths = (
				"${TARGET_BUILD_DIR}/${FRAMEWORKS_FOLDER_PATH}/Alamofire.framework",
				"${TARGET_BUILD_DIR}/${FRAMEWORKS_FOLDER_PATH}/AlamofireImage.framework",
			);
			runOnlyForDeploymentPostprocessing = 0;
			shellPath = /bin/sh;
			shellScript = "\"${SRCROOT}/Pods/Target Support Files/Pods-PixelCityApp/Pods-PixelCityApp-frameworks.sh\"\n";
			showEnvVarsInLog = 0;
		};
/* End PBXShellScriptBuildPhase section */

/* Begin PBXSourcesBuildPhase section */
		5C62D2411FACA57D00B01293 /* Sources */ = {
			isa = PBXSourcesBuildPhase;
			buildActionMask = 2147483647;
			files = (
				5CE4AA301FB4B57E001EBD71 /* PopVC.swift in Sources */,
				5CE4AA2E1FB4742B001EBD71 /* Constants.swift in Sources */,
				5C0647051FB8672200D1E903 /* PopImage.swift in Sources */,
				5CE4AA2C1FB46BD4001EBD71 /* PhotoCell.swift in Sources */,
				5C62D24B1FACA57D00B01293 /* MapVC.swift in Sources */,
				5CAB3A091FB08339008FE8C4 /* DroppablePin.swift in Sources */,
				5C62D2491FACA57D00B01293 /* AppDelegate.swift in Sources */,
			);
			runOnlyForDeploymentPostprocessing = 0;
		};
/* End PBXSourcesBuildPhase section */

/* Begin PBXVariantGroup section */
		5C62D24C1FACA57D00B01293 /* Main.storyboard */ = {
			isa = PBXVariantGroup;
			children = (
				5C62D24D1FACA57D00B01293 /* Base */,
			);
			name = Main.storyboard;
			sourceTree = "<group>";
		};
		5C62D2511FACA57D00B01293 /* LaunchScreen.storyboard */ = {
			isa = PBXVariantGroup;
			children = (
				5C62D2521FACA57D00B01293 /* Base */,
			);
			name = LaunchScreen.storyboard;
			sourceTree = "<group>";
		};
/* End PBXVariantGroup section */

/* Begin XCBuildConfiguration section */
		5C62D2551FACA57D00B01293 /* Debug */ = {
			isa = XCBuildConfiguration;
			buildSettings = {
				ALWAYS_SEARCH_USER_PATHS = NO;
				CLANG_ANALYZER_NONNULL = YES;
				CLANG_ANALYZER_NUMBER_OBJECT_CONVERSION = YES_AGGRESSIVE;
				CLANG_CXX_LANGUAGE_STANDARD = "gnu++14";
				CLANG_CXX_LIBRARY = "libc++";
				CLANG_ENABLE_MODULES = YES;
				CLANG_ENABLE_OBJC_ARC = YES;
				CLANG_WARN_BLOCK_CAPTURE_AUTORELEASING = YES;
				CLANG_WARN_BOOL_CONVERSION = YES;
				CLANG_WARN_COMMA = YES;
				CLANG_WARN_CONSTANT_CONVERSION = YES;
				CLANG_WARN_DIRECT_OBJC_ISA_USAGE = YES_ERROR;
				CLANG_WARN_DOCUMENTATION_COMMENTS = YES;
				CLANG_WARN_EMPTY_BODY = YES;
				CLANG_WARN_ENUM_CONVERSION = YES;
				CLANG_WARN_INFINITE_RECURSION = YES;
				CLANG_WARN_INT_CONVERSION = YES;
				CLANG_WARN_NON_LITERAL_NULL_CONVERSION = YES;
				CLANG_WARN_OBJC_LITERAL_CONVERSION = YES;
				CLANG_WARN_OBJC_ROOT_CLASS = YES_ERROR;
				CLANG_WARN_RANGE_LOOP_ANALYSIS = YES;
				CLANG_WARN_STRICT_PROTOTYPES = YES;
				CLANG_WARN_SUSPICIOUS_MOVE = YES;
				CLANG_WARN_UNGUARDED_AVAILABILITY = YES_AGGRESSIVE;
				CLANG_WARN_UNREACHABLE_CODE = YES;
				CLANG_WARN__DUPLICATE_METHOD_MATCH = YES;
				CODE_SIGN_IDENTITY = "iPhone Developer";
				COPY_PHASE_STRIP = NO;
				DEBUG_INFORMATION_FORMAT = dwarf;
				ENABLE_STRICT_OBJC_MSGSEND = YES;
				ENABLE_TESTABILITY = YES;
				GCC_C_LANGUAGE_STANDARD = gnu11;
				GCC_DYNAMIC_NO_PIC = NO;
				GCC_NO_COMMON_BLOCKS = YES;
				GCC_OPTIMIZATION_LEVEL = 0;
				GCC_PREPROCESSOR_DEFINITIONS = (
					"DEBUG=1",
					"$(inherited)",
				);
				GCC_WARN_64_TO_32_BIT_CONVERSION = YES;
				GCC_WARN_ABOUT_RETURN_TYPE = YES_ERROR;
				GCC_WARN_UNDECLARED_SELECTOR = YES;
				GCC_WARN_UNINITIALIZED_AUTOS = YES_AGGRESSIVE;
				GCC_WARN_UNUSED_FUNCTION = YES;
				GCC_WARN_UNUSED_VARIABLE = YES;
				IPHONEOS_DEPLOYMENT_TARGET = 11.1;
				MTL_ENABLE_DEBUG_INFO = YES;
				ONLY_ACTIVE_ARCH = YES;
				SDKROOT = iphoneos;
				SWIFT_ACTIVE_COMPILATION_CONDITIONS = DEBUG;
				SWIFT_OPTIMIZATION_LEVEL = "-Onone";
			};
			name = Debug;
		};
		5C62D2561FACA57D00B01293 /* Release */ = {
			isa = XCBuildConfiguration;
			buildSettings = {
				ALWAYS_SEARCH_USER_PATHS = NO;
				CLANG_ANALYZER_NONNULL = YES;
				CLANG_ANALYZER_NUMBER_OBJECT_CONVERSION = YES_AGGRESSIVE;
				CLANG_CXX_LANGUAGE_STANDARD = "gnu++14";
				CLANG_CXX_LIBRARY = "libc++";
				CLANG_ENABLE_MODULES = YES;
				CLANG_ENABLE_OBJC_ARC = YES;
				CLANG_WARN_BLOCK_CAPTURE_AUTORELEASING = YES;
				CLANG_WARN_BOOL_CONVERSION = YES;
				CLANG_WARN_COMMA = YES;
				CLANG_WARN_CONSTANT_CONVERSION = YES;
				CLANG_WARN_DIRECT_OBJC_ISA_USAGE = YES_ERROR;
				CLANG_WARN_DOCUMENTATION_COMMENTS = YES;
				CLANG_WARN_EMPTY_BODY = YES;
				CLANG_WARN_ENUM_CONVERSION = YES;
				CLANG_WARN_INFINITE_RECURSION = YES;
				CLANG_WARN_INT_CONVERSION = YES;
				CLANG_WARN_NON_LITERAL_NULL_CONVERSION = YES;
				CLANG_WARN_OBJC_LITERAL_CONVERSION = YES;
				CLANG_WARN_OBJC_ROOT_CLASS = YES_ERROR;
				CLANG_WARN_RANGE_LOOP_ANALYSIS = YES;
				CLANG_WARN_STRICT_PROTOTYPES = YES;
				CLANG_WARN_SUSPICIOUS_MOVE = YES;
				CLANG_WARN_UNGUARDED_AVAILABILITY = YES_AGGRESSIVE;
				CLANG_WARN_UNREACHABLE_CODE = YES;
				CLANG_WARN__DUPLICATE_METHOD_MATCH = YES;
				CODE_SIGN_IDENTITY = "iPhone Developer";
				COPY_PHASE_STRIP = NO;
				DEBUG_INFORMATION_FORMAT = "dwarf-with-dsym";
				ENABLE_NS_ASSERTIONS = NO;
				ENABLE_STRICT_OBJC_MSGSEND = YES;
				GCC_C_LANGUAGE_STANDARD = gnu11;
				GCC_NO_COMMON_BLOCKS = YES;
				GCC_WARN_64_TO_32_BIT_CONVERSION = YES;
				GCC_WARN_ABOUT_RETURN_TYPE = YES_ERROR;
				GCC_WARN_UNDECLARED_SELECTOR = YES;
				GCC_WARN_UNINITIALIZED_AUTOS = YES_AGGRESSIVE;
				GCC_WARN_UNUSED_FUNCTION = YES;
				GCC_WARN_UNUSED_VARIABLE = YES;
				IPHONEOS_DEPLOYMENT_TARGET = 11.1;
				MTL_ENABLE_DEBUG_INFO = NO;
				SDKROOT = iphoneos;
				SWIFT_OPTIMIZATION_LEVEL = "-Owholemodule";
				VALIDATE_PRODUCT = YES;
			};
			name = Release;
		};
		5C62D2581FACA57D00B01293 /* Debug */ = {
			isa = XCBuildConfiguration;
			baseConfigurationReference = D5250B36816F7ED81FFD968C /* Pods-PixelCityApp.debug.xcconfig */;
			buildSettings = {
				ASSETCATALOG_COMPILER_APPICON_NAME = AppIcon;
				CODE_SIGN_STYLE = Automatic;
				DEVELOPMENT_TEAM = 8Y37MY59MY;
				INFOPLIST_FILE = PixelCityApp/Info.plist;
				LD_RUNPATH_SEARCH_PATHS = "$(inherited) @executable_path/Frameworks";
				PRODUCT_BUNDLE_IDENTIFIER = BA.PixelCityApp;
				PRODUCT_NAME = "$(TARGET_NAME)";
				SWIFT_VERSION = 4.0;
				TARGETED_DEVICE_FAMILY = "1,2";
			};
			name = Debug;
		};
		5C62D2591FACA57D00B01293 /* Release */ = {
			isa = XCBuildConfiguration;
			baseConfigurationReference = CCCEFDB4366A8ECB85FFF24D /* Pods-PixelCityApp.release.xcconfig */;
			buildSettings = {
				ASSETCATALOG_COMPILER_APPICON_NAME = AppIcon;
				CODE_SIGN_STYLE = Automatic;
				DEVELOPMENT_TEAM = 8Y37MY59MY;
				INFOPLIST_FILE = PixelCityApp/Info.plist;
				LD_RUNPATH_SEARCH_PATHS = "$(inherited) @executable_path/Frameworks";
				PRODUCT_BUNDLE_IDENTIFIER = BA.PixelCityApp;
				PRODUCT_NAME = "$(TARGET_NAME)";
				SWIFT_VERSION = 4.0;
				TARGETED_DEVICE_FAMILY = "1,2";
			};
			name = Release;
		};
/* End XCBuildConfiguration section */

/* Begin XCConfigurationList section */
		5C62D2401FACA57D00B01293 /* Build configuration list for PBXProject "PixelCityApp" */ = {
			isa = XCConfigurationList;
			buildConfigurations = (
				5C62D2551FACA57D00B01293 /* Debug */,
				5C62D2561FACA57D00B01293 /* Release */,
			);
			defaultConfigurationIsVisible = 0;
			defaultConfigurationName = Release;
		};
		5C62D2571FACA57D00B01293 /* Build configuration list for PBXNativeTarget "PixelCityApp" */ = {
			isa = XCConfigurationList;
			buildConfigurations = (
				5C62D2581FACA57D00B01293 /* Debug */,
				5C62D2591FACA57D00B01293 /* Release */,
			);
			defaultConfigurationIsVisible = 0;
			defaultConfigurationName = Release;
		};
/* End XCConfigurationList section */
	};
	rootObject = 5C62D23D1FACA57D00B01293 /* Project object */;
}
